// !$*UTF8*$!
{
	archiveVersion = 1;
	classes = {
	};
	objectVersion = 46;
	objects = {

/* Begin PBXBuildFile section */
		C511D4C61A0C53FA00194D58 /* LED.m in Sources */ = {isa = PBXBuildFile; fileRef = C511D4C51A0C53FA00194D58 /* LED.m */; };
		C527F34E1A0B55B300BAD639 /* LEDListCollectionVC.m in Sources */ = {isa = PBXBuildFile; fileRef = C527F34D1A0B55B300BAD639 /* LEDListCollectionVC.m */; };
		C527F3511A0B55E100BAD639 /* LEDCollectionViewCell.m in Sources */ = {isa = PBXBuildFile; fileRef = C527F3501A0B55E100BAD639 /* LEDCollectionViewCell.m */; };
		C527F3541A0B79CD00BAD639 /* LEDEditVC.m in Sources */ = {isa = PBXBuildFile; fileRef = C527F3531A0B79CD00BAD639 /* LEDEditVC.m */; };
		C59F11841A08BD5D00CA749F /* DiscoverNetwork.c in Sources */ = {isa = PBXBuildFile; fileRef = C59F116E1A08BD5D00CA749F /* DiscoverNetwork.c */; };
		C59F11851A08BD5D00CA749F /* libJIPclient.c in Sources */ = {isa = PBXBuildFile; fileRef = C59F116F1A08BD5D00CA749F /* libJIPclient.c */; };
		C59F11861A08BD5D00CA749F /* Cache.c in Sources */ = {isa = PBXBuildFile; fileRef = C59F11711A08BD5D00CA749F /* Cache.c */; };
		C59F11871A08BD5D00CA749F /* libJIP.c in Sources */ = {isa = PBXBuildFile; fileRef = C59F11751A08BD5D00CA749F /* libJIP.c */; };
		C59F11881A08BD5D00CA749F /* Network.c in Sources */ = {isa = PBXBuildFile; fileRef = C59F11761A08BD5D00CA749F /* Network.c */; };
		C59F11891A08BD5D00CA749F /* Node.c in Sources */ = {isa = PBXBuildFile; fileRef = C59F11781A08BD5D00CA749F /* Node.c */; };
		C59F118A1A08BD5D00CA749F /* Persist.c in Sources */ = {isa = PBXBuildFile; fileRef = C59F11791A08BD5D00CA749F /* Persist.c */; };
		C59F118B1A08BD5D00CA749F /* Tables.c in Sources */ = {isa = PBXBuildFile; fileRef = C59F117A1A08BD5D00CA749F /* Tables.c */; };
		C59F118C1A08BD5D00CA749F /* Threads.c in Sources */ = {isa = PBXBuildFile; fileRef = C59F117B1A08BD5D00CA749F /* Threads.c */; };
		C59F118D1A08BD5D00CA749F /* Doxyfile in Resources */ = {isa = PBXBuildFile; fileRef = C59F117F1A08BD5D00CA749F /* Doxyfile */; };
		C59F118E1A08BD5D00CA749F /* Groups.c in Sources */ = {isa = PBXBuildFile; fileRef = C59F11821A08BD5D00CA749F /* Groups.c */; };
		C59F118F1A08BD5D00CA749F /* libJIPserver.c in Sources */ = {isa = PBXBuildFile; fileRef = C59F11831A08BD5D00CA749F /* libJIPserver.c */; };
		C59F11911A08C07D00CA749F /* libxml2.dylib in Frameworks */ = {isa = PBXBuildFile; fileRef = C59F11901A08C07D00CA749F /* libxml2.dylib */; };
		C5BDC6E11A07551800E32F7E /* main.m in Sources */ = {isa = PBXBuildFile; fileRef = C5BDC6E01A07551800E32F7E /* main.m */; };
		C5BDC6E41A07551800E32F7E /* AppDelegate.m in Sources */ = {isa = PBXBuildFile; fileRef = C5BDC6E31A07551800E32F7E /* AppDelegate.m */; };
		C5BDC6EA1A07551800E32F7E /* Main.storyboard in Resources */ = {isa = PBXBuildFile; fileRef = C5BDC6E81A07551800E32F7E /* Main.storyboard */; };
		C5BDC6EC1A07551800E32F7E /* Images.xcassets in Resources */ = {isa = PBXBuildFile; fileRef = C5BDC6EB1A07551800E32F7E /* Images.xcassets */; };
		C5BDC6FB1A07551800E32F7E /* Zigbee_LightingTests.m in Sources */ = {isa = PBXBuildFile; fileRef = C5BDC6FA1A07551800E32F7E /* Zigbee_LightingTests.m */; };
		C5C21F151A09B50D00604542 /* JIPClient.m in Sources */ = {isa = PBXBuildFile; fileRef = C5C21F141A09B50D00604542 /* JIPClient.m */; };
		C5C21F181A0A131200604542 /* JIPNode.m in Sources */ = {isa = PBXBuildFile; fileRef = C5C21F171A0A131200604542 /* JIPNode.m */; };
/* End PBXBuildFile section */

/* Begin PBXContainerItemProxy section */
		C5BDC6F51A07551800E32F7E /* PBXContainerItemProxy */ = {
			isa = PBXContainerItemProxy;
			containerPortal = C5BDC6D31A07551800E32F7E /* Project object */;
			proxyType = 1;
			remoteGlobalIDString = C5BDC6DA1A07551800E32F7E;
			remoteInfo = "Zigbee Lighting";
		};
/* End PBXContainerItemProxy section */

/* Begin PBXFileReference section */
		C511D4C41A0C53FA00194D58 /* LED.h */ = {isa = PBXFileReference; fileEncoding = 4; lastKnownFileType = sourcecode.c.h; path = LED.h; sourceTree = "<group>"; };
		C511D4C51A0C53FA00194D58 /* LED.m */ = {isa = PBXFileReference; fileEncoding = 4; lastKnownFileType = sourcecode.c.objc; path = LED.m; sourceTree = "<group>"; };
		C527F34C1A0B55B300BAD639 /* LEDListCollectionVC.h */ = {isa = PBXFileReference; fileEncoding = 4; lastKnownFileType = sourcecode.c.h; path = LEDListCollectionVC.h; sourceTree = "<group>"; };
		C527F34D1A0B55B300BAD639 /* LEDListCollectionVC.m */ = {isa = PBXFileReference; fileEncoding = 4; lastKnownFileType = sourcecode.c.objc; path = LEDListCollectionVC.m; sourceTree = "<group>"; };
		C527F34F1A0B55E100BAD639 /* LEDCollectionViewCell.h */ = {isa = PBXFileReference; fileEncoding = 4; lastKnownFileType = sourcecode.c.h; path = LEDCollectionViewCell.h; sourceTree = "<group>"; };
		C527F3501A0B55E100BAD639 /* LEDCollectionViewCell.m */ = {isa = PBXFileReference; fileEncoding = 4; lastKnownFileType = sourcecode.c.objc; path = LEDCollectionViewCell.m; sourceTree = "<group>"; };
		C527F3521A0B79CD00BAD639 /* LEDEditVC.h */ = {isa = PBXFileReference; fileEncoding = 4; lastKnownFileType = sourcecode.c.h; path = LEDEditVC.h; sourceTree = "<group>"; };
		C527F3531A0B79CD00BAD639 /* LEDEditVC.m */ = {isa = PBXFileReference; fileEncoding = 4; lastKnownFileType = sourcecode.c.objc; path = LEDEditVC.m; sourceTree = "<group>"; };
		C59F116E1A08BD5D00CA749F /* DiscoverNetwork.c */ = {isa = PBXFileReference; fileEncoding = 4; lastKnownFileType = sourcecode.c.c; path = DiscoverNetwork.c; sourceTree = "<group>"; };
		C59F116F1A08BD5D00CA749F /* libJIPclient.c */ = {isa = PBXFileReference; fileEncoding = 4; lastKnownFileType = sourcecode.c.c; path = libJIPclient.c; sourceTree = "<group>"; };
		C59F11711A08BD5D00CA749F /* Cache.c */ = {isa = PBXFileReference; fileEncoding = 4; lastKnownFileType = sourcecode.c.c; path = Cache.c; sourceTree = "<group>"; };
		C59F11721A08BD5D00CA749F /* Cache.h */ = {isa = PBXFileReference; fileEncoding = 4; lastKnownFileType = sourcecode.c.h; path = Cache.h; sourceTree = "<group>"; };
		C59F11731A08BD5D00CA749F /* JIP_Packets.h */ = {isa = PBXFileReference; fileEncoding = 4; lastKnownFileType = sourcecode.c.h; path = JIP_Packets.h; sourceTree = "<group>"; };
		C59F11741A08BD5D00CA749F /* JIP_Private.h */ = {isa = PBXFileReference; fileEncoding = 4; lastKnownFileType = sourcecode.c.h; path = JIP_Private.h; sourceTree = "<group>"; };
		C59F11751A08BD5D00CA749F /* libJIP.c */ = {isa = PBXFileReference; fileEncoding = 4; lastKnownFileType = sourcecode.c.c; path = libJIP.c; sourceTree = "<group>"; };
		C59F11761A08BD5D00CA749F /* Network.c */ = {isa = PBXFileReference; fileEncoding = 4; lastKnownFileType = sourcecode.c.c; path = Network.c; sourceTree = "<group>"; };
		C59F11771A08BD5D00CA749F /* Network.h */ = {isa = PBXFileReference; fileEncoding = 4; lastKnownFileType = sourcecode.c.h; path = Network.h; sourceTree = "<group>"; };
		C59F11781A08BD5D00CA749F /* Node.c */ = {isa = PBXFileReference; fileEncoding = 4; lastKnownFileType = sourcecode.c.c; path = Node.c; sourceTree = "<group>"; };
		C59F11791A08BD5D00CA749F /* Persist.c */ = {isa = PBXFileReference; fileEncoding = 4; lastKnownFileType = sourcecode.c.c; path = Persist.c; sourceTree = "<group>"; };
		C59F117A1A08BD5D00CA749F /* Tables.c */ = {isa = PBXFileReference; fileEncoding = 4; lastKnownFileType = sourcecode.c.c; path = Tables.c; sourceTree = "<group>"; };
		C59F117B1A08BD5D00CA749F /* Threads.c */ = {isa = PBXFileReference; fileEncoding = 4; lastKnownFileType = sourcecode.c.c; path = Threads.c; sourceTree = "<group>"; };
		C59F117C1A08BD5D00CA749F /* Threads.h */ = {isa = PBXFileReference; fileEncoding = 4; lastKnownFileType = sourcecode.c.h; path = Threads.h; sourceTree = "<group>"; };
		C59F117D1A08BD5D00CA749F /* Trace.h */ = {isa = PBXFileReference; fileEncoding = 4; lastKnownFileType = sourcecode.c.h; path = Trace.h; sourceTree = "<group>"; };
		C59F117F1A08BD5D00CA749F /* Doxyfile */ = {isa = PBXFileReference; fileEncoding = 4; lastKnownFileType = text; path = Doxyfile; sourceTree = "<group>"; };
		C59F11801A08BD5D00CA749F /* JIP.h */ = {isa = PBXFileReference; fileEncoding = 4; lastKnownFileType = sourcecode.c.h; path = JIP.h; sourceTree = "<group>"; };
		C59F11821A08BD5D00CA749F /* Groups.c */ = {isa = PBXFileReference; fileEncoding = 4; lastKnownFileType = sourcecode.c.c; path = Groups.c; sourceTree = "<group>"; };
		C59F11831A08BD5D00CA749F /* libJIPserver.c */ = {isa = PBXFileReference; fileEncoding = 4; lastKnownFileType = sourcecode.c.c; path = libJIPserver.c; sourceTree = "<group>"; };
		C59F11901A08C07D00CA749F /* libxml2.dylib */ = {isa = PBXFileReference; lastKnownFileType = "compiled.mach-o.dylib"; name = libxml2.dylib; path = usr/lib/libxml2.dylib; sourceTree = SDKROOT; };
		C59F11921A08CCFC00CA749F /* portable_endian.h */ = {isa = PBXFileReference; lastKnownFileType = sourcecode.c.h; path = portable_endian.h; sourceTree = "<group>"; };
		C5BDC6DB1A07551800E32F7E /* Zigbee Lighting.app */ = {isa = PBXFileReference; explicitFileType = wrapper.application; includeInIndex = 0; path = "Zigbee Lighting.app"; sourceTree = BUILT_PRODUCTS_DIR; };
		C5BDC6DF1A07551800E32F7E /* Info.plist */ = {isa = PBXFileReference; lastKnownFileType = text.plist.xml; path = Info.plist; sourceTree = "<group>"; };
		C5BDC6E01A07551800E32F7E /* main.m */ = {isa = PBXFileReference; lastKnownFileType = sourcecode.c.objc; path = main.m; sourceTree = "<group>"; };
		C5BDC6E21A07551800E32F7E /* AppDelegate.h */ = {isa = PBXFileReference; lastKnownFileType = sourcecode.c.h; path = AppDelegate.h; sourceTree = "<group>"; };
		C5BDC6E31A07551800E32F7E /* AppDelegate.m */ = {isa = PBXFileReference; lastKnownFileType = sourcecode.c.objc; path = AppDelegate.m; sourceTree = "<group>"; };
		C5BDC6E91A07551800E32F7E /* Base */ = {isa = PBXFileReference; lastKnownFileType = file.storyboard; name = Base; path = Base.lproj/Main.storyboard; sourceTree = "<group>"; };
		C5BDC6EB1A07551800E32F7E /* Images.xcassets */ = {isa = PBXFileReference; lastKnownFileType = folder.assetcatalog; path = Images.xcassets; sourceTree = "<group>"; };
		C5BDC6F41A07551800E32F7E /* Zigbee LightingTests.xctest */ = {isa = PBXFileReference; explicitFileType = wrapper.cfbundle; includeInIndex = 0; path = "Zigbee LightingTests.xctest"; sourceTree = BUILT_PRODUCTS_DIR; };
		C5BDC6F91A07551800E32F7E /* Info.plist */ = {isa = PBXFileReference; lastKnownFileType = text.plist.xml; path = Info.plist; sourceTree = "<group>"; };
		C5BDC6FA1A07551800E32F7E /* Zigbee_LightingTests.m */ = {isa = PBXFileReference; lastKnownFileType = sourcecode.c.objc; path = Zigbee_LightingTests.m; sourceTree = "<group>"; };
		C5C21F131A09B50D00604542 /* JIPClient.h */ = {isa = PBXFileReference; fileEncoding = 4; lastKnownFileType = sourcecode.c.h; name = JIPClient.h; path = "Zigbee Lighting/JIPClient.h"; sourceTree = SOURCE_ROOT; };
		C5C21F141A09B50D00604542 /* JIPClient.m */ = {isa = PBXFileReference; fileEncoding = 4; lastKnownFileType = sourcecode.c.objc; name = JIPClient.m; path = "Zigbee Lighting/JIPClient.m"; sourceTree = SOURCE_ROOT; };
		C5C21F161A0A131200604542 /* JIPNode.h */ = {isa = PBXFileReference; fileEncoding = 4; lastKnownFileType = sourcecode.c.h; name = JIPNode.h; path = "Zigbee Lighting/JIPNode.h"; sourceTree = SOURCE_ROOT; };
		C5C21F171A0A131200604542 /* JIPNode.m */ = {isa = PBXFileReference; fileEncoding = 4; lastKnownFileType = sourcecode.c.objc; name = JIPNode.m; path = "Zigbee Lighting/JIPNode.m"; sourceTree = SOURCE_ROOT; };
/* End PBXFileReference section */

/* Begin PBXFrameworksBuildPhase section */
		C5BDC6D81A07551800E32F7E /* Frameworks */ = {
			isa = PBXFrameworksBuildPhase;
			buildActionMask = 2147483647;
			files = (
				C59F11911A08C07D00CA749F /* libxml2.dylib in Frameworks */,
			);
			runOnlyForDeploymentPostprocessing = 0;
		};
		C5BDC6F11A07551800E32F7E /* Frameworks */ = {
			isa = PBXFrameworksBuildPhase;
			buildActionMask = 2147483647;
			files = (
			);
			runOnlyForDeploymentPostprocessing = 0;
		};
/* End PBXFrameworksBuildPhase section */

/* Begin PBXGroup section */
		C59F116C1A08BD5D00CA749F /* JIP */ = {
			isa = PBXGroup;
			children = (
				C5C21F131A09B50D00604542 /* JIPClient.h */,
				C5C21F141A09B50D00604542 /* JIPClient.m */,
				C5C21F161A0A131200604542 /* JIPNode.h */,
				C5C21F171A0A131200604542 /* JIPNode.m */,
				C59F116D1A08BD5D00CA749F /* Client */,
				C59F11701A08BD5D00CA749F /* Common */,
				C59F117E1A08BD5D00CA749F /* Include */,
				C59F11811A08BD5D00CA749F /* Server */,
			);
			path = JIP;
			sourceTree = "<group>";
		};
		C59F116D1A08BD5D00CA749F /* Client */ = {
			isa = PBXGroup;
			children = (
				C59F116E1A08BD5D00CA749F /* DiscoverNetwork.c */,
				C59F116F1A08BD5D00CA749F /* libJIPclient.c */,
			);
			path = Client;
			sourceTree = "<group>";
		};
		C59F11701A08BD5D00CA749F /* Common */ = {
			isa = PBXGroup;
			children = (
				C59F11711A08BD5D00CA749F /* Cache.c */,
				C59F11721A08BD5D00CA749F /* Cache.h */,
				C59F11731A08BD5D00CA749F /* JIP_Packets.h */,
				C59F11741A08BD5D00CA749F /* JIP_Private.h */,
				C59F11751A08BD5D00CA749F /* libJIP.c */,
				C59F11761A08BD5D00CA749F /* Network.c */,
				C59F11771A08BD5D00CA749F /* Network.h */,
				C59F11781A08BD5D00CA749F /* Node.c */,
				C59F11791A08BD5D00CA749F /* Persist.c */,
				C59F117A1A08BD5D00CA749F /* Tables.c */,
				C59F117B1A08BD5D00CA749F /* Threads.c */,
				C59F117C1A08BD5D00CA749F /* Threads.h */,
				C59F117D1A08BD5D00CA749F /* Trace.h */,
			);
			path = Common;
			sourceTree = "<group>";
		};
		C59F117E1A08BD5D00CA749F /* Include */ = {
			isa = PBXGroup;
			children = (
				C59F117F1A08BD5D00CA749F /* Doxyfile */,
				C59F11801A08BD5D00CA749F /* JIP.h */,
				C59F11921A08CCFC00CA749F /* portable_endian.h */,
			);
			path = Include;
			sourceTree = "<group>";
		};
		C59F11811A08BD5D00CA749F /* Server */ = {
			isa = PBXGroup;
			children = (
				C59F11821A08BD5D00CA749F /* Groups.c */,
				C59F11831A08BD5D00CA749F /* libJIPserver.c */,
			);
			path = Server;
			sourceTree = "<group>";
		};
		C5BDC6D21A07551800E32F7E = {
			isa = PBXGroup;
			children = (
				C59F11901A08C07D00CA749F /* libxml2.dylib */,
				C5BDC6DD1A07551800E32F7E /* Zigbee Lighting */,
				C5BDC6F71A07551800E32F7E /* Zigbee LightingTests */,
				C5BDC6DC1A07551800E32F7E /* Products */,
			);
			sourceTree = "<group>";
		};
		C5BDC6DC1A07551800E32F7E /* Products */ = {
			isa = PBXGroup;
			children = (
				C5BDC6DB1A07551800E32F7E /* Zigbee Lighting.app */,
				C5BDC6F41A07551800E32F7E /* Zigbee LightingTests.xctest */,
			);
			name = Products;
			sourceTree = "<group>";
		};
		C5BDC6DD1A07551800E32F7E /* Zigbee Lighting */ = {
			isa = PBXGroup;
			children = (
				C59F116C1A08BD5D00CA749F /* JIP */,
				C5BDC6E21A07551800E32F7E /* AppDelegate.h */,
				C5BDC6E31A07551800E32F7E /* AppDelegate.m */,
				C527F34C1A0B55B300BAD639 /* LEDListCollectionVC.h */,
				C527F34D1A0B55B300BAD639 /* LEDListCollectionVC.m */,
				C527F3521A0B79CD00BAD639 /* LEDEditVC.h */,
				C527F3531A0B79CD00BAD639 /* LEDEditVC.m */,
				C5BDC6E81A07551800E32F7E /* Main.storyboard */,
				C511D4C41A0C53FA00194D58 /* LED.h */,
				C511D4C51A0C53FA00194D58 /* LED.m */,
				C527F34F1A0B55E100BAD639 /* LEDCollectionViewCell.h */,
				C527F3501A0B55E100BAD639 /* LEDCollectionViewCell.m */,
				C5BDC6EB1A07551800E32F7E /* Images.xcassets */,
				C5BDC6DE1A07551800E32F7E /* Supporting Files */,
			);
			path = "Zigbee Lighting";
			sourceTree = "<group>";
		};
		C5BDC6DE1A07551800E32F7E /* Supporting Files */ = {
			isa = PBXGroup;
			children = (
				C5BDC6DF1A07551800E32F7E /* Info.plist */,
				C5BDC6E01A07551800E32F7E /* main.m */,
			);
			name = "Supporting Files";
			sourceTree = "<group>";
		};
		C5BDC6F71A07551800E32F7E /* Zigbee LightingTests */ = {
			isa = PBXGroup;
			children = (
				C5BDC6FA1A07551800E32F7E /* Zigbee_LightingTests.m */,
				C5BDC6F81A07551800E32F7E /* Supporting Files */,
			);
			path = "Zigbee LightingTests";
			sourceTree = "<group>";
		};
		C5BDC6F81A07551800E32F7E /* Supporting Files */ = {
			isa = PBXGroup;
			children = (
				C5BDC6F91A07551800E32F7E /* Info.plist */,
			);
			name = "Supporting Files";
			sourceTree = "<group>";
		};
/* End PBXGroup section */

/* Begin PBXNativeTarget section */
		C5BDC6DA1A07551800E32F7E /* Zigbee Lighting */ = {
			isa = PBXNativeTarget;
			buildConfigurationList = C5BDC6FE1A07551800E32F7E /* Build configuration list for PBXNativeTarget "Zigbee Lighting" */;
			buildPhases = (
				C5BDC6D71A07551800E32F7E /* Sources */,
				C5BDC6D81A07551800E32F7E /* Frameworks */,
				C5BDC6D91A07551800E32F7E /* Resources */,
			);
			buildRules = (
			);
			dependencies = (
			);
			name = "Zigbee Lighting";
			productName = "Zigbee Lighting";
			productReference = C5BDC6DB1A07551800E32F7E /* Zigbee Lighting.app */;
			productType = "com.apple.product-type.application";
		};
		C5BDC6F31A07551800E32F7E /* Zigbee LightingTests */ = {
			isa = PBXNativeTarget;
			buildConfigurationList = C5BDC7011A07551800E32F7E /* Build configuration list for PBXNativeTarget "Zigbee LightingTests" */;
			buildPhases = (
				C5BDC6F01A07551800E32F7E /* Sources */,
				C5BDC6F11A07551800E32F7E /* Frameworks */,
				C5BDC6F21A07551800E32F7E /* Resources */,
			);
			buildRules = (
			);
			dependencies = (
				C5BDC6F61A07551800E32F7E /* PBXTargetDependency */,
			);
			name = "Zigbee LightingTests";
			productName = "Zigbee LightingTests";
			productReference = C5BDC6F41A07551800E32F7E /* Zigbee LightingTests.xctest */;
			productType = "com.apple.product-type.bundle.unit-test";
		};
/* End PBXNativeTarget section */

/* Begin PBXProject section */
		C5BDC6D31A07551800E32F7E /* Project object */ = {
			isa = PBXProject;
			attributes = {
				LastUpgradeCheck = 0600;
				TargetAttributes = {
					C5BDC6DA1A07551800E32F7E = {
						CreatedOnToolsVersion = 6.0.1;
						DevelopmentTeam = QLQELZN7GW;
					};
					C5BDC6F31A07551800E32F7E = {
						CreatedOnToolsVersion = 6.0.1;
						TestTargetID = C5BDC6DA1A07551800E32F7E;
					};
				};
			};
			buildConfigurationList = C5BDC6D61A07551800E32F7E /* Build configuration list for PBXProject "Zigbee Lighting" */;
			compatibilityVersion = "Xcode 3.2";
			developmentRegion = English;
			hasScannedForEncodings = 0;
			knownRegions = (
				en,
				Base,
			);
			mainGroup = C5BDC6D21A07551800E32F7E;
			productRefGroup = C5BDC6DC1A07551800E32F7E /* Products */;
			projectDirPath = "";
			projectRoot = "";
			targets = (
				C5BDC6DA1A07551800E32F7E /* Zigbee Lighting */,
				C5BDC6F31A07551800E32F7E /* Zigbee LightingTests */,
			);
		};
/* End PBXProject section */

/* Begin PBXResourcesBuildPhase section */
		C5BDC6D91A07551800E32F7E /* Resources */ = {
			isa = PBXResourcesBuildPhase;
			buildActionMask = 2147483647;
			files = (
				C59F118D1A08BD5D00CA749F /* Doxyfile in Resources */,
				C5BDC6EA1A07551800E32F7E /* Main.storyboard in Resources */,
				C5BDC6EC1A07551800E32F7E /* Images.xcassets in Resources */,
			);
			runOnlyForDeploymentPostprocessing = 0;
		};
		C5BDC6F21A07551800E32F7E /* Resources */ = {
			isa = PBXResourcesBuildPhase;
			buildActionMask = 2147483647;
			files = (
			);
			runOnlyForDeploymentPostprocessing = 0;
		};
/* End PBXResourcesBuildPhase section */

/* Begin PBXSourcesBuildPhase section */
		C5BDC6D71A07551800E32F7E /* Sources */ = {
			isa = PBXSourcesBuildPhase;
			buildActionMask = 2147483647;
			files = (
				C59F11861A08BD5D00CA749F /* Cache.c in Sources */,
				C59F11871A08BD5D00CA749F /* libJIP.c in Sources */,
				C59F11891A08BD5D00CA749F /* Node.c in Sources */,
				C59F118A1A08BD5D00CA749F /* Persist.c in Sources */,
				C5BDC6E41A07551800E32F7E /* AppDelegate.m in Sources */,
				C5C21F151A09B50D00604542 /* JIPClient.m in Sources */,
				C527F34E1A0B55B300BAD639 /* LEDListCollectionVC.m in Sources */,
				C59F11881A08BD5D00CA749F /* Network.c in Sources */,
				C59F118E1A08BD5D00CA749F /* Groups.c in Sources */,
				C59F11851A08BD5D00CA749F /* libJIPclient.c in Sources */,
				C527F3541A0B79CD00BAD639 /* LEDEditVC.m in Sources */,
				C5BDC6E11A07551800E32F7E /* main.m in Sources */,
				C59F118F1A08BD5D00CA749F /* libJIPserver.c in Sources */,
				C59F118C1A08BD5D00CA749F /* Threads.c in Sources */,
				C59F11841A08BD5D00CA749F /* DiscoverNetwork.c in Sources */,
				C527F3511A0B55E100BAD639 /* LEDCollectionViewCell.m in Sources */,
				C5C21F181A0A131200604542 /* JIPNode.m in Sources */,
				C511D4C61A0C53FA00194D58 /* LED.m in Sources */,
				C59F118B1A08BD5D00CA749F /* Tables.c in Sources */,
			);
			runOnlyForDeploymentPostprocessing = 0;
		};
		C5BDC6F01A07551800E32F7E /* Sources */ = {
			isa = PBXSourcesBuildPhase;
			buildActionMask = 2147483647;
			files = (
				C5BDC6FB1A07551800E32F7E /* Zigbee_LightingTests.m in Sources */,
			);
			runOnlyForDeploymentPostprocessing = 0;
		};
/* End PBXSourcesBuildPhase section */

/* Begin PBXTargetDependency section */
		C5BDC6F61A07551800E32F7E /* PBXTargetDependency */ = {
			isa = PBXTargetDependency;
			target = C5BDC6DA1A07551800E32F7E /* Zigbee Lighting */;
			targetProxy = C5BDC6F51A07551800E32F7E /* PBXContainerItemProxy */;
		};
/* End PBXTargetDependency section */

/* Begin PBXVariantGroup section */
		C5BDC6E81A07551800E32F7E /* Main.storyboard */ = {
			isa = PBXVariantGroup;
			children = (
				C5BDC6E91A07551800E32F7E /* Base */,
			);
			name = Main.storyboard;
			sourceTree = "<group>";
		};
/* End PBXVariantGroup section */

/* Begin XCBuildConfiguration section */
		C5BDC6FC1A07551800E32F7E /* Debug */ = {
			isa = XCBuildConfiguration;
			buildSettings = {
				ALWAYS_SEARCH_USER_PATHS = NO;
				CLANG_CXX_LANGUAGE_STANDARD = "gnu++0x";
				CLANG_CXX_LIBRARY = "libc++";
				CLANG_ENABLE_MODULES = YES;
				CLANG_ENABLE_OBJC_ARC = YES;
				CLANG_WARN_BOOL_CONVERSION = YES;
				CLANG_WARN_CONSTANT_CONVERSION = YES;
				CLANG_WARN_DIRECT_OBJC_ISA_USAGE = YES_ERROR;
				CLANG_WARN_EMPTY_BODY = YES;
				CLANG_WARN_ENUM_CONVERSION = YES;
				CLANG_WARN_INT_CONVERSION = YES;
				CLANG_WARN_OBJC_ROOT_CLASS = YES_ERROR;
				CLANG_WARN_UNREACHABLE_CODE = YES;
				CLANG_WARN__DUPLICATE_METHOD_MATCH = YES;
				"CODE_SIGN_IDENTITY[sdk=iphoneos*]" = "iPhone Developer";
				COPY_PHASE_STRIP = NO;
				ENABLE_STRICT_OBJC_MSGSEND = YES;
				GCC_C_LANGUAGE_STANDARD = gnu99;
				GCC_DYNAMIC_NO_PIC = NO;
				GCC_OPTIMIZATION_LEVEL = 0;
				GCC_PREPROCESSOR_DEFINITIONS = (
					"DEBUG=1",
					"$(inherited)",
				);
				GCC_SYMBOLS_PRIVATE_EXTERN = NO;
				GCC_WARN_64_TO_32_BIT_CONVERSION = YES;
				GCC_WARN_ABOUT_RETURN_TYPE = YES_ERROR;
				GCC_WARN_UNDECLARED_SELECTOR = YES;
				GCC_WARN_UNINITIALIZED_AUTOS = YES_AGGRESSIVE;
				GCC_WARN_UNUSED_FUNCTION = YES;
				GCC_WARN_UNUSED_VARIABLE = YES;
				IPHONEOS_DEPLOYMENT_TARGET = 8.0;
				MTL_ENABLE_DEBUG_INFO = YES;
				ONLY_ACTIVE_ARCH = YES;
				SDKROOT = iphoneos;
			};
			name = Debug;
		};
		C5BDC6FD1A07551800E32F7E /* Release */ = {
			isa = XCBuildConfiguration;
			buildSettings = {
				ALWAYS_SEARCH_USER_PATHS = NO;
				CLANG_CXX_LANGUAGE_STANDARD = "gnu++0x";
				CLANG_CXX_LIBRARY = "libc++";
				CLANG_ENABLE_MODULES = YES;
				CLANG_ENABLE_OBJC_ARC = YES;
				CLANG_WARN_BOOL_CONVERSION = YES;
				CLANG_WARN_CONSTANT_CONVERSION = YES;
				CLANG_WARN_DIRECT_OBJC_ISA_USAGE = YES_ERROR;
				CLANG_WARN_EMPTY_BODY = YES;
				CLANG_WARN_ENUM_CONVERSION = YES;
				CLANG_WARN_INT_CONVERSION = YES;
				CLANG_WARN_OBJC_ROOT_CLASS = YES_ERROR;
				CLANG_WARN_UNREACHABLE_CODE = YES;
				CLANG_WARN__DUPLICATE_METHOD_MATCH = YES;
				"CODE_SIGN_IDENTITY[sdk=iphoneos*]" = "iPhone Developer";
				COPY_PHASE_STRIP = YES;
				ENABLE_NS_ASSERTIONS = NO;
				ENABLE_STRICT_OBJC_MSGSEND = YES;
				GCC_C_LANGUAGE_STANDARD = gnu99;
				GCC_WARN_64_TO_32_BIT_CONVERSION = YES;
				GCC_WARN_ABOUT_RETURN_TYPE = YES_ERROR;
				GCC_WARN_UNDECLARED_SELECTOR = YES;
				GCC_WARN_UNINITIALIZED_AUTOS = YES_AGGRESSIVE;
				GCC_WARN_UNUSED_FUNCTION = YES;
				GCC_WARN_UNUSED_VARIABLE = YES;
				IPHONEOS_DEPLOYMENT_TARGET = 8.0;
				MTL_ENABLE_DEBUG_INFO = NO;
				SDKROOT = iphoneos;
				VALIDATE_PRODUCT = YES;
			};
			name = Release;
		};
		C5BDC6FF1A07551800E32F7E /* Debug */ = {
			isa = XCBuildConfiguration;
			buildSettings = {
				ALWAYS_SEARCH_USER_PATHS = YES;
				ASSETCATALOG_COMPILER_APPICON_NAME = AppIcon;
				ASSETCATALOG_COMPILER_LAUNCHIMAGE_NAME = LaunchImage;
				CODE_SIGN_IDENTITY = "iPhone Developer";
				"GCC_PREPROCESSOR_DEFINITIONS[arch=*]" = (
					"DEBUG=1",
					"$(inherited)",
					__APPLE_USE_RFC_2292,
				);
				"HEADER_SEARCH_PATHS[arch=*]" = (
					"$(inherited)",
					/Applications/Xcode.app/Contents/Developer/Toolchains/XcodeDefault.xctoolchain/usr/include,
					"${SDK_ROOT}/usr/include/libxml2",
				);
				INFOPLIST_FILE = "Zigbee Lighting/Info.plist";
				IPHONEOS_DEPLOYMENT_TARGET = 7.0;
				LD_RUNPATH_SEARCH_PATHS = "$(inherited) @executable_path/Frameworks";
				PRODUCT_NAME = "$(TARGET_NAME)";
			};
			name = Debug;
		};
		C5BDC7001A07551800E32F7E /* Release */ = {
			isa = XCBuildConfiguration;
			buildSettings = {
				ALWAYS_SEARCH_USER_PATHS = YES;
				ASSETCATALOG_COMPILER_APPICON_NAME = AppIcon;
				ASSETCATALOG_COMPILER_LAUNCHIMAGE_NAME = LaunchImage;
				CODE_SIGN_IDENTITY = "iPhone Developer";
				INFOPLIST_FILE = "Zigbee Lighting/Info.plist";
				IPHONEOS_DEPLOYMENT_TARGET = 7.0;
				LD_RUNPATH_SEARCH_PATHS = "$(inherited) @executable_path/Frameworks";
				PRODUCT_NAME = "$(TARGET_NAME)";
			};
			name = Release;
		};
		C5BDC7021A07551800E32F7E /* Debug */ = {
			isa = XCBuildConfiguration;
			buildSettings = {
				BUNDLE_LOADER = "$(TEST_HOST)";
				FRAMEWORK_SEARCH_PATHS = (
					"$(SDKROOT)/Developer/Library/Frameworks",
					"$(inherited)",
				);
				GCC_PREPROCESSOR_DEFINITIONS = (
					"DEBUG=1",
					"$(inherited)",
				);
				INFOPLIST_FILE = "Zigbee LightingTests/Info.plist";
				LD_RUNPATH_SEARCH_PATHS = "$(inherited) @executable_path/Frameworks @loader_path/Frameworks";
				PRODUCT_NAME = "$(TARGET_NAME)";
				TEST_HOST = "$(BUILT_PRODUCTS_DIR)/Zigbee Lighting.app/Zigbee Lighting";
			};
			name = Debug;
		};
		C5BDC7031A07551800E32F7E /* Release */ = {
			isa = XCBuildConfiguration;
			buildSettings = {
				BUNDLE_LOADER = "$(TEST_HOST)";
				FRAMEWORK_SEARCH_PATHS = (
					"$(SDKROOT)/Developer/Library/Frameworks",
					"$(inherited)",
				);
				INFOPLIST_FILE = "Zigbee LightingTests/Info.plist";
				LD_RUNPATH_SEARCH_PATHS = "$(inherited) @executable_path/Frameworks @loader_path/Frameworks";
				PRODUCT_NAME = "$(TARGET_NAME)";
				TEST_HOST = "$(BUILT_PRODUCTS_DIR)/Zigbee Lighting.app/Zigbee Lighting";
			};
			name = Release;
		};
/* End XCBuildConfiguration section */

/* Begin XCConfigurationList section */
		C5BDC6D61A07551800E32F7E /* Build configuration list for PBXProject "Zigbee Lighting" */ = {
			isa = XCConfigurationList;
			buildConfigurations = (
				C5BDC6FC1A07551800E32F7E /* Debug */,
				C5BDC6FD1A07551800E32F7E /* Release */,
			);
			defaultConfigurationIsVisible = 0;
			defaultConfigurationName = Release;
		};
		C5BDC6FE1A07551800E32F7E /* Build configuration list for PBXNativeTarget "Zigbee Lighting" */ = {
			isa = XCConfigurationList;
			buildConfigurations = (
				C5BDC6FF1A07551800E32F7E /* Debug */,
				C5BDC7001A07551800E32F7E /* Release */,
			);
			defaultConfigurationIsVisible = 0;
			defaultConfigurationName = Release;
		};
		C5BDC7011A07551800E32F7E /* Build configuration list for PBXNativeTarget "Zigbee LightingTests" */ = {
			isa = XCConfigurationList;
			buildConfigurations = (
				C5BDC7021A07551800E32F7E /* Debug */,
				C5BDC7031A07551800E32F7E /* Release */,
			);
			defaultConfigurationIsVisible = 0;
			defaultConfigurationName = Release;
		};
/* End XCConfigurationList section */
	};
	rootObject = C5BDC6D31A07551800E32F7E /* Project object */;
}
